// !$*UTF8*$!
{
	archiveVersion = 1;
	classes = {
	};
	objectVersion = 55;
	objects = {

/* Begin PBXBuildFile section */
		540B80BE27443CD800414BE6 /* Completed_CoffeeShopView.swift in Sources */ = {isa = PBXBuildFile; fileRef = 540B80BD27443CD800414BE6 /* Completed_CoffeeShopView.swift */; };
		540B80C027443DBD00414BE6 /* ShopAddressView.swift in Sources */ = {isa = PBXBuildFile; fileRef = 540B80BF27443DBD00414BE6 /* ShopAddressView.swift */; };
		540B80C227443DF600414BE6 /* Completed_ShopAddressView.swift in Sources */ = {isa = PBXBuildFile; fileRef = 540B80C127443DF600414BE6 /* Completed_ShopAddressView.swift */; };
		5413D4DA273766800015EA0C /* CoffeeShopView.swift in Sources */ = {isa = PBXBuildFile; fileRef = 5413D4D9273766800015EA0C /* CoffeeShopView.swift */; };
		543275642739934700B6C1A3 /* SideBarView.swift in Sources */ = {isa = PBXBuildFile; fileRef = 543275632739934700B6C1A3 /* SideBarView.swift */; };
		543275662739ADC200B6C1A3 /* HeaderView.swift in Sources */ = {isa = PBXBuildFile; fileRef = 543275652739ADC200B6C1A3 /* HeaderView.swift */; };
		54602062273B08C6009ED64F /* GridView.swift in Sources */ = {isa = PBXBuildFile; fileRef = 54602061273B08C6009ED64F /* GridView.swift */; };
		5480B7422736FC8B000CA635 /* FindSomeJoeApp.swift in Sources */ = {isa = PBXBuildFile; fileRef = 5480B7412736FC8B000CA635 /* FindSomeJoeApp.swift */; };
		5480B7442736FC8B000CA635 /* ContentView.swift in Sources */ = {isa = PBXBuildFile; fileRef = 5480B7432736FC8B000CA635 /* ContentView.swift */; };
		5480B7462736FC8C000CA635 /* Assets.xcassets in Resources */ = {isa = PBXBuildFile; fileRef = 5480B7452736FC8C000CA635 /* Assets.xcassets */; };
		5480B7492736FC8C000CA635 /* Preview Assets.xcassets in Resources */ = {isa = PBXBuildFile; fileRef = 5480B7482736FC8C000CA635 /* Preview Assets.xcassets */; };
		5480B7502736FECB000CA635 /* Data.swift in Sources */ = {isa = PBXBuildFile; fileRef = 5480B74F2736FECB000CA635 /* Data.swift */; };
/* End PBXBuildFile section */

/* Begin PBXFileReference section */
		540B80BD27443CD800414BE6 /* Completed_CoffeeShopView.swift */ = {isa = PBXFileReference; lastKnownFileType = sourcecode.swift; path = Completed_CoffeeShopView.swift; sourceTree = "<group>"; };
		540B80BF27443DBD00414BE6 /* ShopAddressView.swift */ = {isa = PBXFileReference; lastKnownFileType = sourcecode.swift; path = ShopAddressView.swift; sourceTree = "<group>"; };
		540B80C127443DF600414BE6 /* Completed_ShopAddressView.swift */ = {isa = PBXFileReference; lastKnownFileType = sourcecode.swift; path = Completed_ShopAddressView.swift; sourceTree = "<group>"; };
		5413D4D9273766800015EA0C /* CoffeeShopView.swift */ = {isa = PBXFileReference; lastKnownFileType = sourcecode.swift; path = CoffeeShopView.swift; sourceTree = "<group>"; };
		543275632739934700B6C1A3 /* SideBarView.swift */ = {isa = PBXFileReference; lastKnownFileType = sourcecode.swift; path = SideBarView.swift; sourceTree = "<group>"; };
		543275652739ADC200B6C1A3 /* HeaderView.swift */ = {isa = PBXFileReference; lastKnownFileType = sourcecode.swift; path = HeaderView.swift; sourceTree = "<group>"; };
		54602061273B08C6009ED64F /* GridView.swift */ = {isa = PBXFileReference; lastKnownFileType = sourcecode.swift; path = GridView.swift; sourceTree = "<group>"; };
		5480B73E2736FC8B000CA635 /* FindSomeJoe.app */ = {isa = PBXFileReference; explicitFileType = wrapper.application; includeInIndex = 0; path = FindSomeJoe.app; sourceTree = BUILT_PRODUCTS_DIR; };
		5480B7412736FC8B000CA635 /* FindSomeJoeApp.swift */ = {isa = PBXFileReference; lastKnownFileType = sourcecode.swift; path = FindSomeJoeApp.swift; sourceTree = "<group>"; };
		5480B7432736FC8B000CA635 /* ContentView.swift */ = {isa = PBXFileReference; lastKnownFileType = sourcecode.swift; path = ContentView.swift; sourceTree = "<group>"; };
		5480B7452736FC8C000CA635 /* Assets.xcassets */ = {isa = PBXFileReference; lastKnownFileType = folder.assetcatalog; path = Assets.xcassets; sourceTree = "<group>"; };
		5480B7482736FC8C000CA635 /* Preview Assets.xcassets */ = {isa = PBXFileReference; lastKnownFileType = folder.assetcatalog; path = "Preview Assets.xcassets"; sourceTree = "<group>"; };
		5480B74F2736FECB000CA635 /* Data.swift */ = {isa = PBXFileReference; lastKnownFileType = sourcecode.swift; path = Data.swift; sourceTree = "<group>"; };
/* End PBXFileReference section */

/* Begin PBXFrameworksBuildPhase section */
		5480B73B2736FC8B000CA635 /* Frameworks */ = {
			isa = PBXFrameworksBuildPhase;
			buildActionMask = 2147483647;
			files = (
			);
			runOnlyForDeploymentPostprocessing = 0;
		};
/* End PBXFrameworksBuildPhase section */

/* Begin PBXGroup section */
		540B80BC27443C6400414BE6 /* Completed */ = {
			isa = PBXGroup;
			children = (
				543275632739934700B6C1A3 /* SideBarView.swift */,
				5480B74F2736FECB000CA635 /* Data.swift */,
				543275652739ADC200B6C1A3 /* HeaderView.swift */,
				5480B7432736FC8B000CA635 /* ContentView.swift */,
				54602061273B08C6009ED64F /* GridView.swift */,
				540B80BD27443CD800414BE6 /* Completed_CoffeeShopView.swift */,
				540B80C127443DF600414BE6 /* Completed_ShopAddressView.swift */,
				5480B7412736FC8B000CA635 /* FindSomeJoeApp.swift */,
			);
			path = Completed;
			sourceTree = "<group>";
		};
		5480B7352736FC8B000CA635 = {
			isa = PBXGroup;
			children = (
				5480B7402736FC8B000CA635 /* FindSomeJoe */,
				5480B73F2736FC8B000CA635 /* Products */,
			);
			sourceTree = "<group>";
		};
		5480B73F2736FC8B000CA635 /* Products */ = {
			isa = PBXGroup;
			children = (
				5480B73E2736FC8B000CA635 /* FindSomeJoe.app */,
			);
			name = Products;
			sourceTree = "<group>";
		};
		5480B7402736FC8B000CA635 /* FindSomeJoe */ = {
			isa = PBXGroup;
			children = (
				540B80BC27443C6400414BE6 /* Completed */,
				5413D4D9273766800015EA0C /* CoffeeShopView.swift */,
				540B80BF27443DBD00414BE6 /* ShopAddressView.swift */,
				5480B7452736FC8C000CA635 /* Assets.xcassets */,
				5480B7472736FC8C000CA635 /* Preview Content */,
			);
			path = FindSomeJoe;
			sourceTree = "<group>";
		};
		5480B7472736FC8C000CA635 /* Preview Content */ = {
			isa = PBXGroup;
			children = (
				5480B7482736FC8C000CA635 /* Preview Assets.xcassets */,
			);
			path = "Preview Content";
			sourceTree = "<group>";
		};
/* End PBXGroup section */

/* Begin PBXNativeTarget section */
		5480B73D2736FC8B000CA635 /* FindSomeJoe */ = {
			isa = PBXNativeTarget;
			buildConfigurationList = 5480B74C2736FC8C000CA635 /* Build configuration list for PBXNativeTarget "FindSomeJoe" */;
			buildPhases = (
				5480B73A2736FC8B000CA635 /* Sources */,
				5480B73B2736FC8B000CA635 /* Frameworks */,
				5480B73C2736FC8B000CA635 /* Resources */,
			);
			buildRules = (
			);
			dependencies = (
			);
			name = FindSomeJoe;
			productName = FindSomeJoe;
			productReference = 5480B73E2736FC8B000CA635 /* FindSomeJoe.app */;
			productType = "com.apple.product-type.application";
		};
/* End PBXNativeTarget section */

/* Begin PBXProject section */
		5480B7362736FC8B000CA635 /* Project object */ = {
			isa = PBXProject;
			attributes = {
				BuildIndependentTargetsInParallel = 1;
				LastSwiftUpdateCheck = 1300;
				LastUpgradeCheck = 1300;
				TargetAttributes = {
					5480B73D2736FC8B000CA635 = {
						CreatedOnToolsVersion = 13.0;
					};
				};
			};
			buildConfigurationList = 5480B7392736FC8B000CA635 /* Build configuration list for PBXProject "FindSomeJoe" */;
			compatibilityVersion = "Xcode 13.0";
			developmentRegion = en;
			hasScannedForEncodings = 0;
			knownRegions = (
				en,
				Base,
			);
			mainGroup = 5480B7352736FC8B000CA635;
			productRefGroup = 5480B73F2736FC8B000CA635 /* Products */;
			projectDirPath = "";
			projectRoot = "";
			targets = (
				5480B73D2736FC8B000CA635 /* FindSomeJoe */,
			);
		};
/* End PBXProject section */

/* Begin PBXResourcesBuildPhase section */
		5480B73C2736FC8B000CA635 /* Resources */ = {
			isa = PBXResourcesBuildPhase;
			buildActionMask = 2147483647;
			files = (
				5480B7492736FC8C000CA635 /* Preview Assets.xcassets in Resources */,
				5480B7462736FC8C000CA635 /* Assets.xcassets in Resources */,
			);
			runOnlyForDeploymentPostprocessing = 0;
		};
/* End PBXResourcesBuildPhase section */

/* Begin PBXSourcesBuildPhase section */
		5480B73A2736FC8B000CA635 /* Sources */ = {
			isa = PBXSourcesBuildPhase;
			buildActionMask = 2147483647;
			files = (
				5413D4DA273766800015EA0C /* CoffeeShopView.swift in Sources */,
				543275662739ADC200B6C1A3 /* HeaderView.swift in Sources */,
				540B80C027443DBD00414BE6 /* ShopAddressView.swift in Sources */,
				540B80BE27443CD800414BE6 /* Completed_CoffeeShopView.swift in Sources */,
				5480B7442736FC8B000CA635 /* ContentView.swift in Sources */,
				54602062273B08C6009ED64F /* GridView.swift in Sources */,
				5480B7422736FC8B000CA635 /* FindSomeJoeApp.swift in Sources */,
				543275642739934700B6C1A3 /* SideBarView.swift in Sources */,
				5480B7502736FECB000CA635 /* Data.swift in Sources */,
				540B80C227443DF600414BE6 /* Completed_ShopAddressView.swift in Sources */,
			);
			runOnlyForDeploymentPostprocessing = 0;
		};
/* End PBXSourcesBuildPhase section */

/* Begin XCBuildConfiguration section */
		5480B74A2736FC8C000CA635 /* Debug */ = {
			isa = XCBuildConfiguration;
			buildSettings = {
				ALWAYS_SEARCH_USER_PATHS = NO;
				CLANG_ANALYZER_NONNULL = YES;
				CLANG_ANALYZER_NUMBER_OBJECT_CONVERSION = YES_AGGRESSIVE;
				CLANG_CXX_LANGUAGE_STANDARD = "gnu++17";
				CLANG_CXX_LIBRARY = "libc++";
				CLANG_ENABLE_MODULES = YES;
				CLANG_ENABLE_OBJC_ARC = YES;
				CLANG_ENABLE_OBJC_WEAK = YES;
				CLANG_WARN_BLOCK_CAPTURE_AUTORELEASING = YES;
				CLANG_WARN_BOOL_CONVERSION = YES;
				CLANG_WARN_COMMA = YES;
				CLANG_WARN_CONSTANT_CONVERSION = YES;
				CLANG_WARN_DEPRECATED_OBJC_IMPLEMENTATIONS = YES;
				CLANG_WARN_DIRECT_OBJC_ISA_USAGE = YES_ERROR;
				CLANG_WARN_DOCUMENTATION_COMMENTS = YES;
				CLANG_WARN_EMPTY_BODY = YES;
				CLANG_WARN_ENUM_CONVERSION = YES;
				CLANG_WARN_INFINITE_RECURSION = YES;
				CLANG_WARN_INT_CONVERSION = YES;
				CLANG_WARN_NON_LITERAL_NULL_CONVERSION = YES;
				CLANG_WARN_OBJC_IMPLICIT_RETAIN_SELF = YES;
				CLANG_WARN_OBJC_LITERAL_CONVERSION = YES;
				CLANG_WARN_OBJC_ROOT_CLASS = YES_ERROR;
				CLANG_WARN_QUOTED_INCLUDE_IN_FRAMEWORK_HEADER = YES;
				CLANG_WARN_RANGE_LOOP_ANALYSIS = YES;
				CLANG_WARN_STRICT_PROTOTYPES = YES;
				CLANG_WARN_SUSPICIOUS_MOVE = YES;
				CLANG_WARN_UNGUARDED_AVAILABILITY = YES_AGGRESSIVE;
				CLANG_WARN_UNREACHABLE_CODE = YES;
				CLANG_WARN__DUPLICATE_METHOD_MATCH = YES;
				COPY_PHASE_STRIP = NO;
				DEBUG_INFORMATION_FORMAT = dwarf;
				ENABLE_STRICT_OBJC_MSGSEND = YES;
				ENABLE_TESTABILITY = YES;
				GCC_C_LANGUAGE_STANDARD = gnu11;
				GCC_DYNAMIC_NO_PIC = NO;
				GCC_NO_COMMON_BLOCKS = YES;
				GCC_OPTIMIZATION_LEVEL = 0;
				GCC_PREPROCESSOR_DEFINITIONS = (
					"DEBUG=1",
					"$(inherited)",
				);
				GCC_WARN_64_TO_32_BIT_CONVERSION = YES;
				GCC_WARN_ABOUT_RETURN_TYPE = YES_ERROR;
				GCC_WARN_UNDECLARED_SELECTOR = YES;
				GCC_WARN_UNINITIALIZED_AUTOS = YES_AGGRESSIVE;
				GCC_WARN_UNUSED_FUNCTION = YES;
				GCC_WARN_UNUSED_VARIABLE = YES;
				IPHONEOS_DEPLOYMENT_TARGET = 15.0;
				MTL_ENABLE_DEBUG_INFO = INCLUDE_SOURCE;
				MTL_FAST_MATH = YES;
				ONLY_ACTIVE_ARCH = YES;
				SDKROOT = iphoneos;
				SWIFT_ACTIVE_COMPILATION_CONDITIONS = DEBUG;
				SWIFT_OPTIMIZATION_LEVEL = "-Onone";
			};
			name = Debug;
		};
		5480B74B2736FC8C000CA635 /* Release */ = {
			isa = XCBuildConfiguration;
			buildSettings = {
				ALWAYS_SEARCH_USER_PATHS = NO;
				CLANG_ANALYZER_NONNULL = YES;
				CLANG_ANALYZER_NUMBER_OBJECT_CONVERSION = YES_AGGRESSIVE;
				CLANG_CXX_LANGUAGE_STANDARD = "gnu++17";
				CLANG_CXX_LIBRARY = "libc++";
				CLANG_ENABLE_MODULES = YES;
				CLANG_ENABLE_OBJC_ARC = YES;
				CLANG_ENABLE_OBJC_WEAK = YES;
				CLANG_WARN_BLOCK_CAPTURE_AUTORELEASING = YES;
				CLANG_WARN_BOOL_CONVERSION = YES;
				CLANG_WARN_COMMA = YES;
				CLANG_WARN_CONSTANT_CONVERSION = YES;
				CLANG_WARN_DEPRECATED_OBJC_IMPLEMENTATIONS = YES;
				CLANG_WARN_DIRECT_OBJC_ISA_USAGE = YES_ERROR;
				CLANG_WARN_DOCUMENTATION_COMMENTS = YES;
				CLANG_WARN_EMPTY_BODY = YES;
				CLANG_WARN_ENUM_CONVERSION = YES;
				CLANG_WARN_INFINITE_RECURSION = YES;
				CLANG_WARN_INT_CONVERSION = YES;
				CLANG_WARN_NON_LITERAL_NULL_CONVERSION = YES;
				CLANG_WARN_OBJC_IMPLICIT_RETAIN_SELF = YES;
				CLANG_WARN_OBJC_LITERAL_CONVERSION = YES;
				CLANG_WARN_OBJC_ROOT_CLASS = YES_ERROR;
				CLANG_WARN_QUOTED_INCLUDE_IN_FRAMEWORK_HEADER = YES;
				CLANG_WARN_RANGE_LOOP_ANALYSIS = YES;
				CLANG_WARN_STRICT_PROTOTYPES = YES;
				CLANG_WARN_SUSPICIOUS_MOVE = YES;
				CLANG_WARN_UNGUARDED_AVAILABILITY = YES_AGGRESSIVE;
				CLANG_WARN_UNREACHABLE_CODE = YES;
				CLANG_WARN__DUPLICATE_METHOD_MATCH = YES;
				COPY_PHASE_STRIP = NO;
				DEBUG_INFORMATION_FORMAT = "dwarf-with-dsym";
				ENABLE_NS_ASSERTIONS = NO;
				ENABLE_STRICT_OBJC_MSGSEND = YES;
				GCC_C_LANGUAGE_STANDARD = gnu11;
				GCC_NO_COMMON_BLOCKS = YES;
				GCC_WARN_64_TO_32_BIT_CONVERSION = YES;
				GCC_WARN_ABOUT_RETURN_TYPE = YES_ERROR;
				GCC_WARN_UNDECLARED_SELECTOR = YES;
				GCC_WARN_UNINITIALIZED_AUTOS = YES_AGGRESSIVE;
				GCC_WARN_UNUSED_FUNCTION = YES;
				GCC_WARN_UNUSED_VARIABLE = YES;
				IPHONEOS_DEPLOYMENT_TARGET = 15.0;
				MTL_ENABLE_DEBUG_INFO = NO;
				MTL_FAST_MATH = YES;
				SDKROOT = iphoneos;
				SWIFT_COMPILATION_MODE = wholemodule;
				SWIFT_OPTIMIZATION_LEVEL = "-O";
				VALIDATE_PRODUCT = YES;
			};
			name = Release;
		};
		5480B74D2736FC8C000CA635 /* Debug */ = {
			isa = XCBuildConfiguration;
			buildSettings = {
				ASSETCATALOG_COMPILER_APPICON_NAME = AppIcon;
				ASSETCATALOG_COMPILER_GLOBAL_ACCENT_COLOR_NAME = AccentColor;
				CODE_SIGN_STYLE = Automatic;
				CURRENT_PROJECT_VERSION = 1;
				DEVELOPMENT_ASSET_PATHS = "\"FindSomeJoe/Preview Content\"";
				DEVELOPMENT_TEAM = 9A934JYXT5;
				ENABLE_PREVIEWS = YES;
				GENERATE_INFOPLIST_FILE = YES;
				INFOPLIST_KEY_UIApplicationSceneManifest_Generation = YES;
				INFOPLIST_KEY_UIApplicationSupportsIndirectInputEvents = YES;
				INFOPLIST_KEY_UILaunchScreen_Generation = YES;
				INFOPLIST_KEY_UISupportedInterfaceOrientations_iPad = "UIInterfaceOrientationPortrait UIInterfaceOrientationPortraitUpsideDown UIInterfaceOrientationLandscapeLeft UIInterfaceOrientationLandscapeRight";
				INFOPLIST_KEY_UISupportedInterfaceOrientations_iPhone = "UIInterfaceOrientationPortrait UIInterfaceOrientationLandscapeLeft UIInterfaceOrientationLandscapeRight";
				IPHONEOS_DEPLOYMENT_TARGET = 14.0;
				LD_RUNPATH_SEARCH_PATHS = (
					"$(inherited)",
					"@executable_path/Frameworks",
				);
				MARKETING_VERSION = 1.0;
				PRODUCT_BUNDLE_IDENTIFIER = com.arby.FindSomeJoe;
				PRODUCT_NAME = "$(TARGET_NAME)";
				SWIFT_EMIT_LOC_STRINGS = YES;
				SWIFT_VERSION = 5.0;
				TARGETED_DEVICE_FAMILY = "1,2";
			};
			name = Debug;
		};
		5480B74E2736FC8C000CA635 /* Release */ = {
			isa = XCBuildConfiguration;
			buildSettings = {
				ASSETCATALOG_COMPILER_APPICON_NAME = AppIcon;
				ASSETCATALOG_COMPILER_GLOBAL_ACCENT_COLOR_NAME = AccentColor;
				CODE_SIGN_STYLE = Automatic;
				CURRENT_PROJECT_VERSION = 1;
				DEVELOPMENT_ASSET_PATHS = "\"FindSomeJoe/Preview Content\"";
				DEVELOPMENT_TEAM = 9A934JYXT5;
				ENABLE_PREVIEWS = YES;
				GENERATE_INFOPLIST_FILE = YES;
				INFOPLIST_KEY_UIApplicationSceneManifest_Generation = YES;
				INFOPLIST_KEY_UIApplicationSupportsIndirectInputEvents = YES;
				INFOPLIST_KEY_UILaunchScreen_Generation = YES;
				INFOPLIST_KEY_UISupportedInterfaceOrientations_iPad = "UIInterfaceOrientationPortrait UIInterfaceOrientationPortraitUpsideDown UIInterfaceOrientationLandscapeLeft UIInterfaceOrientationLandscapeRight";
				INFOPLIST_KEY_UISupportedInterfaceOrientations_iPhone = "UIInterfaceOrientationPortrait UIInterfaceOrientationLandscapeLeft UIInterfaceOrientationLandscapeRight";
				IPHONEOS_DEPLOYMENT_TARGET = 14.0;
				LD_RUNPATH_SEARCH_PATHS = (
					"$(inherited)",
					"@executable_path/Frameworks",
				);
				MARKETING_VERSION = 1.0;
				PRODUCT_BUNDLE_IDENTIFIER = com.arby.FindSomeJoe;
				PRODUCT_NAME = "$(TARGET_NAME)";
				SWIFT_EMIT_LOC_STRINGS = YES;
				SWIFT_VERSION = 5.0;
				TARGETED_DEVICE_FAMILY = "1,2";
			};
			name = Release;
		};
/* End XCBuildConfiguration section */

/* Begin XCConfigurationList section */
		5480B7392736FC8B000CA635 /* Build configuration list for PBXProject "FindSomeJoe" */ = {
			isa = XCConfigurationList;
			buildConfigurations = (
				5480B74A2736FC8C000CA635 /* Debug */,
				5480B74B2736FC8C000CA635 /* Release */,
			);
			defaultConfigurationIsVisible = 0;
			defaultConfigurationName = Release;
		};
		5480B74C2736FC8C000CA635 /* Build configuration list for PBXNativeTarget "FindSomeJoe" */ = {
			isa = XCConfigurationList;
			buildConfigurations = (
				5480B74D2736FC8C000CA635 /* Debug */,
				5480B74E2736FC8C000CA635 /* Release */,
			);
			defaultConfigurationIsVisible = 0;
			defaultConfigurationName = Release;
		};
/* End XCConfigurationList section */
	};
	rootObject = 5480B7362736FC8B000CA635 /* Project object */;
}
